Microsoft Visual Studio Solution File, Format Version 12.00
# Visual Studio Version 16
VisualStudioVersion = 16.0.29009.5
MinimumVisualStudioVersion = 10.0.40219.1
Project("{FAE04EC0-301F-11D3-BF4B-00C04F79EFBC}") = "MHP2G_Hangulnal", "MHP2G_Hangulnal.csproj", "{8BDE1DD8-025E-4798-B4D6-CA9083329992}"
EndProject
Global
	GlobalSection(SolutionConfigurationPlatforms) = preSolution
		Debug|Any CPU = Debug|Any CPU
		Release|Any CPU = Release|Any CPU
	EndGlobalSection
	GlobalSection(ProjectConfigurationPlatforms) = postSolution
		{8BDE1DD8-025E-4798-B4D6-CA9083329992}.Debug|Any CPU.ActiveCfg = Debug|Any CPU
		{8BDE1DD8-025E-4798-B4D6-CA9083329992}.Debug|Any CPU.Build.0 = Debug|Any CPU
		{8BDE1DD8-025E-4798-B4D6-CA9083329992}.Release|Any CPU.ActiveCfg = Release|Any CPU
		{8BDE1DD8-025E-4798-B4D6-CA9083329992}.Release|Any CPU.Build.0 = Release|Any CPU
	EndGlobalSection
	GlobalSection(SolutionProperties) = preSolution
		HideSolutionNode = FALSE
	EndGlobalSection
	GlobalSection(ExtensibilityGlobals) = postSolution
		SolutionGuid = {EAE028E9-5E14-45E5-B765-5A7352FEF494}
	EndGlobalSection
EndGlobal
